
Microsoft Visual Studio Solution File, Format Version 12.00
# Visual Studio Version 17
VisualStudioVersion = 17.0.31912.275
MinimumVisualStudioVersion = 10.0.40219.1
Project("{2150E333-8FDC-42A3-9474-1A3956D46DE8}") = "src", "src", "{72D9CB6A-ADDF-48AC-9D07-02B94AD5AF7F}"
EndProject
Project("{2150E333-8FDC-42A3-9474-1A3956D46DE8}") = "tests", "tests", "{C22DDB43-7884-449B-A7CA-BC4F4320F977}"
EndProject
Project("{9A19103F-16F7-4668-BE54-9A1E7A4F7556}") = "Trd.Mobile", "..\src\Mobile\Trd.Mobile\Trd.Mobile.csproj", "{7FEFEC77-B84D-4A20-B88F-C673D24632C9}"
EndProject
Project("{FAE04EC0-301F-11D3-BF4B-00C04F79EFBC}") = "Trd.Mobile.Android", "..\src\Mobile\Trd.Mobile.Android\Trd.Mobile.Android.csproj", "{6050BF8D-7F1E-4AA0-9EDB-12768B6D68CC}"
EndProject
Project("{FAE04EC0-301F-11D3-BF4B-00C04F79EFBC}") = "Trd.Mobile.iOS", "..\src\Mobile\Trd.Mobile.iOS\Trd.Mobile.iOS.csproj", "{742E93CA-8B1E-4E67-9C81-E424EDB051C0}"
EndProject
Global
	GlobalSection(SolutionConfigurationPlatforms) = preSolution
		Debug|Any CPU = Debug|Any CPU
		Debug|iPhone = Debug|iPhone
		Debug|iPhoneSimulator = Debug|iPhoneSimulator
		Release|Any CPU = Release|Any CPU
		Release|iPhone = Release|iPhone
		Release|iPhoneSimulator = Release|iPhoneSimulator
	EndGlobalSection
	GlobalSection(ProjectConfigurationPlatforms) = postSolution
		{7FEFEC77-B84D-4A20-B88F-C673D24632C9}.Debug|Any CPU.ActiveCfg = Debug|Any CPU
		{7FEFEC77-B84D-4A20-B88F-C673D24632C9}.Debug|Any CPU.Build.0 = Debug|Any CPU
		{7FEFEC77-B84D-4A20-B88F-C673D24632C9}.Debug|iPhone.ActiveCfg = Debug|Any CPU
		{7FEFEC77-B84D-4A20-B88F-C673D24632C9}.Debug|iPhone.Build.0 = Debug|Any CPU
		{7FEFEC77-B84D-4A20-B88F-C673D24632C9}.Debug|iPhoneSimulator.ActiveCfg = Debug|Any CPU
		{7FEFEC77-B84D-4A20-B88F-C673D24632C9}.Debug|iPhoneSimulator.Build.0 = Debug|Any CPU
		{7FEFEC77-B84D-4A20-B88F-C673D24632C9}.Release|Any CPU.ActiveCfg = Release|Any CPU
		{7FEFEC77-B84D-4A20-B88F-C673D24632C9}.Release|Any CPU.Build.0 = Release|Any CPU
		{7FEFEC77-B84D-4A20-B88F-C673D24632C9}.Release|iPhone.ActiveCfg = Release|Any CPU
		{7FEFEC77-B84D-4A20-B88F-C673D24632C9}.Release|iPhone.Build.0 = Release|Any CPU
		{7FEFEC77-B84D-4A20-B88F-C673D24632C9}.Release|iPhoneSimulator.ActiveCfg = Release|Any CPU
		{7FEFEC77-B84D-4A20-B88F-C673D24632C9}.Release|iPhoneSimulator.Build.0 = Release|Any CPU
		{6050BF8D-7F1E-4AA0-9EDB-12768B6D68CC}.Debug|Any CPU.ActiveCfg = Debug|Any CPU
		{6050BF8D-7F1E-4AA0-9EDB-12768B6D68CC}.Debug|Any CPU.Build.0 = Debug|Any CPU
		{6050BF8D-7F1E-4AA0-9EDB-12768B6D68CC}.Debug|Any CPU.Deploy.0 = Debug|Any CPU
		{6050BF8D-7F1E-4AA0-9EDB-12768B6D68CC}.Debug|iPhone.ActiveCfg = Debug|Any CPU
		{6050BF8D-7F1E-4AA0-9EDB-12768B6D68CC}.Debug|iPhone.Build.0 = Debug|Any CPU
		{6050BF8D-7F1E-4AA0-9EDB-12768B6D68CC}.Debug|iPhone.Deploy.0 = Debug|Any CPU
		{6050BF8D-7F1E-4AA0-9EDB-12768B6D68CC}.Debug|iPhoneSimulator.ActiveCfg = Debug|Any CPU
		{6050BF8D-7F1E-4AA0-9EDB-12768B6D68CC}.Debug|iPhoneSimulator.Build.0 = Debug|Any CPU
		{6050BF8D-7F1E-4AA0-9EDB-12768B6D68CC}.Debug|iPhoneSimulator.Deploy.0 = Debug|Any CPU
		{6050BF8D-7F1E-4AA0-9EDB-12768B6D68CC}.Release|Any CPU.ActiveCfg = Release|Any CPU
		{6050BF8D-7F1E-4AA0-9EDB-12768B6D68CC}.Release|Any CPU.Build.0 = Release|Any CPU
		{6050BF8D-7F1E-4AA0-9EDB-12768B6D68CC}.Release|Any CPU.Deploy.0 = Release|Any CPU
		{6050BF8D-7F1E-4AA0-9EDB-12768B6D68CC}.Release|iPhone.ActiveCfg = Release|Any CPU
		{6050BF8D-7F1E-4AA0-9EDB-12768B6D68CC}.Release|iPhone.Build.0 = Release|Any CPU
		{6050BF8D-7F1E-4AA0-9EDB-12768B6D68CC}.Release|iPhone.Deploy.0 = Release|Any CPU
		{6050BF8D-7F1E-4AA0-9EDB-12768B6D68CC}.Release|iPhoneSimulator.ActiveCfg = Release|Any CPU
		{6050BF8D-7F1E-4AA0-9EDB-12768B6D68CC}.Release|iPhoneSimulator.Build.0 = Release|Any CPU
		{6050BF8D-7F1E-4AA0-9EDB-12768B6D68CC}.Release|iPhoneSimulator.Deploy.0 = Release|Any CPU
		{742E93CA-8B1E-4E67-9C81-E424EDB051C0}.Debug|Any CPU.ActiveCfg = Debug|iPhoneSimulator
		{742E93CA-8B1E-4E67-9C81-E424EDB051C0}.Debug|Any CPU.Build.0 = Debug|iPhoneSimulator
		{742E93CA-8B1E-4E67-9C81-E424EDB051C0}.Debug|iPhone.ActiveCfg = Debug|iPhone
		{742E93CA-8B1E-4E67-9C81-E424EDB051C0}.Debug|iPhone.Build.0 = Debug|iPhone
		{742E93CA-8B1E-4E67-9C81-E424EDB051C0}.Debug|iPhoneSimulator.ActiveCfg = Debug|iPhoneSimulator
		{742E93CA-8B1E-4E67-9C81-E424EDB051C0}.Debug|iPhoneSimulator.Build.0 = Debug|iPhoneSimulator
		{742E93CA-8B1E-4E67-9C81-E424EDB051C0}.Release|Any CPU.ActiveCfg = Release|iPhoneSimulator
		{742E93CA-8B1E-4E67-9C81-E424EDB051C0}.Release|Any CPU.Build.0 = Release|iPhoneSimulator
		{742E93CA-8B1E-4E67-9C81-E424EDB051C0}.Release|iPhone.ActiveCfg = Release|iPhone
		{742E93CA-8B1E-4E67-9C81-E424EDB051C0}.Release|iPhone.Build.0 = Release|iPhone
		{742E93CA-8B1E-4E67-9C81-E424EDB051C0}.Release|iPhoneSimulator.ActiveCfg = Release|iPhoneSimulator
		{742E93CA-8B1E-4E67-9C81-E424EDB051C0}.Release|iPhoneSimulator.Build.0 = Release|iPhoneSimulator
	EndGlobalSection
	GlobalSection(SolutionProperties) = preSolution
		HideSolutionNode = FALSE
	EndGlobalSection
	GlobalSection(NestedProjects) = preSolution
		{7FEFEC77-B84D-4A20-B88F-C673D24632C9} = {72D9CB6A-ADDF-48AC-9D07-02B94AD5AF7F}
		{6050BF8D-7F1E-4AA0-9EDB-12768B6D68CC} = {72D9CB6A-ADDF-48AC-9D07-02B94AD5AF7F}
		{742E93CA-8B1E-4E67-9C81-E424EDB051C0} = {72D9CB6A-ADDF-48AC-9D07-02B94AD5AF7F}
	EndGlobalSection
	GlobalSection(ExtensibilityGlobals) = postSolution
		SolutionGuid = {111F9481-FDA7-44AD-907C-E0C9038218A0}
	EndGlobalSection
EndGlobal
